// !$*UTF8*$!
{
	archiveVersion = 1;
	classes = {
	};
	objectVersion = 50;
	objects = {

/* Begin PBXBuildFile section */
		042BDD71229A15D3000BB80E /* Station.swift in Sources */ = {isa = PBXBuildFile; fileRef = 042BDD70229A15D3000BB80E /* Station.swift */; };
		042BDD73229A166A000BB80E /* Exit.swift in Sources */ = {isa = PBXBuildFile; fileRef = 042BDD72229A166A000BB80E /* Exit.swift */; };
		042BDD75229A16B1000BB80E /* Platform.swift in Sources */ = {isa = PBXBuildFile; fileRef = 042BDD74229A16B1000BB80E /* Platform.swift */; };
		042BDD77229A1776000BB80E /* TrainBrainTheme.swift in Sources */ = {isa = PBXBuildFile; fileRef = 042BDD76229A1776000BB80E /* TrainBrainTheme.swift */; };
		042BDD79229ABC73000BB80E /* StationSearchField.swift in Sources */ = {isa = PBXBuildFile; fileRef = 042BDD78229ABC73000BB80E /* StationSearchField.swift */; };
		04922382229B8FAB00D3CBA6 /* PlatformViewController.swift in Sources */ = {isa = PBXBuildFile; fileRef = 04922381229B8FAB00D3CBA6 /* PlatformViewController.swift */; };
		04922384229BA00600D3CBA6 /* ExitViewController.swift in Sources */ = {isa = PBXBuildFile; fileRef = 04922383229BA00600D3CBA6 /* ExitViewController.swift */; };
		04922389229CDF7C00D3CBA6 /* TrainViewController.swift in Sources */ = {isa = PBXBuildFile; fileRef = 04922388229CDF7C00D3CBA6 /* TrainViewController.swift */; };
		FC50D02122897CC5006E6BC8 /* AppDelegate.swift in Sources */ = {isa = PBXBuildFile; fileRef = FC50D02022897CC5006E6BC8 /* AppDelegate.swift */; };
		FC50D02322897CC5006E6BC8 /* ViewController.swift in Sources */ = {isa = PBXBuildFile; fileRef = FC50D02222897CC5006E6BC8 /* ViewController.swift */; };
		FC50D02622897CC5006E6BC8 /* Main.storyboard in Resources */ = {isa = PBXBuildFile; fileRef = FC50D02422897CC5006E6BC8 /* Main.storyboard */; };
		FC50D02822897CC7006E6BC8 /* Assets.xcassets in Resources */ = {isa = PBXBuildFile; fileRef = FC50D02722897CC7006E6BC8 /* Assets.xcassets */; };
		FC50D02B22897CC7006E6BC8 /* LaunchScreen.storyboard in Resources */ = {isa = PBXBuildFile; fileRef = FC50D02922897CC7006E6BC8 /* LaunchScreen.storyboard */; };
/* End PBXBuildFile section */

/* Begin PBXFileReference section */
		042BDD70229A15D3000BB80E /* Station.swift */ = {isa = PBXFileReference; lastKnownFileType = sourcecode.swift; path = Station.swift; sourceTree = "<group>"; };
		042BDD72229A166A000BB80E /* Exit.swift */ = {isa = PBXFileReference; lastKnownFileType = sourcecode.swift; path = Exit.swift; sourceTree = "<group>"; };
		042BDD74229A16B1000BB80E /* Platform.swift */ = {isa = PBXFileReference; lastKnownFileType = sourcecode.swift; path = Platform.swift; sourceTree = "<group>"; };
		042BDD76229A1776000BB80E /* TrainBrainTheme.swift */ = {isa = PBXFileReference; lastKnownFileType = sourcecode.swift; path = TrainBrainTheme.swift; sourceTree = "<group>"; };
		042BDD78229ABC73000BB80E /* StationSearchField.swift */ = {isa = PBXFileReference; lastKnownFileType = sourcecode.swift; path = StationSearchField.swift; sourceTree = "<group>"; };
		04922381229B8FAB00D3CBA6 /* PlatformViewController.swift */ = {isa = PBXFileReference; lastKnownFileType = sourcecode.swift; path = PlatformViewController.swift; sourceTree = "<group>"; };
		04922383229BA00600D3CBA6 /* ExitViewController.swift */ = {isa = PBXFileReference; lastKnownFileType = sourcecode.swift; path = ExitViewController.swift; sourceTree = "<group>"; };
		04922388229CDF7C00D3CBA6 /* TrainViewController.swift */ = {isa = PBXFileReference; lastKnownFileType = sourcecode.swift; path = TrainViewController.swift; sourceTree = "<group>"; };
		FC50D01D22897CC5006E6BC8 /* trainbrain.app */ = {isa = PBXFileReference; explicitFileType = wrapper.application; includeInIndex = 0; path = trainbrain.app; sourceTree = BUILT_PRODUCTS_DIR; };
		FC50D02022897CC5006E6BC8 /* AppDelegate.swift */ = {isa = PBXFileReference; lastKnownFileType = sourcecode.swift; path = AppDelegate.swift; sourceTree = "<group>"; };
		FC50D02222897CC5006E6BC8 /* ViewController.swift */ = {isa = PBXFileReference; lastKnownFileType = sourcecode.swift; path = ViewController.swift; sourceTree = "<group>"; };
		FC50D02522897CC5006E6BC8 /* Base */ = {isa = PBXFileReference; lastKnownFileType = file.storyboard; name = Base; path = Base.lproj/Main.storyboard; sourceTree = "<group>"; };
		FC50D02722897CC7006E6BC8 /* Assets.xcassets */ = {isa = PBXFileReference; lastKnownFileType = folder.assetcatalog; path = Assets.xcassets; sourceTree = "<group>"; };
		FC50D02A22897CC7006E6BC8 /* Base */ = {isa = PBXFileReference; lastKnownFileType = file.storyboard; name = Base; path = Base.lproj/LaunchScreen.storyboard; sourceTree = "<group>"; };
		FC50D02C22897CC7006E6BC8 /* Info.plist */ = {isa = PBXFileReference; lastKnownFileType = text.plist.xml; path = Info.plist; sourceTree = "<group>"; };
/* End PBXFileReference section */

/* Begin PBXFrameworksBuildPhase section */
		FC50D01A22897CC5006E6BC8 /* Frameworks */ = {
			isa = PBXFrameworksBuildPhase;
			buildActionMask = 2147483647;
			files = (
			);
			runOnlyForDeploymentPostprocessing = 0;
		};
/* End PBXFrameworksBuildPhase section */

/* Begin PBXGroup section */
		FC50D01422897CC5006E6BC8 = {
			isa = PBXGroup;
			children = (
				FC50D01F22897CC5006E6BC8 /* trainbrain */,
				FC50D01E22897CC5006E6BC8 /* Products */,
			);
			sourceTree = "<group>";
		};
		FC50D01E22897CC5006E6BC8 /* Products */ = {
			isa = PBXGroup;
			children = (
				FC50D01D22897CC5006E6BC8 /* trainbrain.app */,
			);
			name = Products;
			sourceTree = "<group>";
		};
		FC50D01F22897CC5006E6BC8 /* trainbrain */ = {
			isa = PBXGroup;
			children = (
				FC50D02022897CC5006E6BC8 /* AppDelegate.swift */,
				FC50D02222897CC5006E6BC8 /* ViewController.swift */,
				FC50D02422897CC5006E6BC8 /* Main.storyboard */,
				FC50D02722897CC7006E6BC8 /* Assets.xcassets */,
				FC50D02922897CC7006E6BC8 /* LaunchScreen.storyboard */,
				FC50D02C22897CC7006E6BC8 /* Info.plist */,
				042BDD70229A15D3000BB80E /* Station.swift */,
				042BDD72229A166A000BB80E /* Exit.swift */,
				042BDD74229A16B1000BB80E /* Platform.swift */,
				042BDD76229A1776000BB80E /* TrainBrainTheme.swift */,
				042BDD78229ABC73000BB80E /* StationSearchField.swift */,
				04922381229B8FAB00D3CBA6 /* PlatformViewController.swift */,
				04922383229BA00600D3CBA6 /* ExitViewController.swift */,
				04922388229CDF7C00D3CBA6 /* TrainViewController.swift */,
			);
			path = trainbrain;
			sourceTree = "<group>";
		};
/* End PBXGroup section */

/* Begin PBXNativeTarget section */
		FC50D01C22897CC5006E6BC8 /* trainbrain */ = {
			isa = PBXNativeTarget;
			buildConfigurationList = FC50D02F22897CC7006E6BC8 /* Build configuration list for PBXNativeTarget "trainbrain" */;
			buildPhases = (
				FC50D01922897CC5006E6BC8 /* Sources */,
				FC50D01A22897CC5006E6BC8 /* Frameworks */,
				FC50D01B22897CC5006E6BC8 /* Resources */,
			);
			buildRules = (
			);
			dependencies = (
			);
			name = trainbrain;
			productName = testers;
			productReference = FC50D01D22897CC5006E6BC8 /* trainbrain.app */;
			productType = "com.apple.product-type.application";
		};
/* End PBXNativeTarget section */

/* Begin PBXProject section */
		FC50D01522897CC5006E6BC8 /* Project object */ = {
			isa = PBXProject;
			attributes = {
				LastSwiftUpdateCheck = 1020;
				LastUpgradeCheck = 1020;
				ORGANIZATIONNAME = "Sidney Cremer";
				TargetAttributes = {
					FC50D01C22897CC5006E6BC8 = {
						CreatedOnToolsVersion = 10.2.1;
					};
				};
			};
			buildConfigurationList = FC50D01822897CC5006E6BC8 /* Build configuration list for PBXProject "trainbrain" */;
			compatibilityVersion = "Xcode 9.3";
			developmentRegion = en;
			hasScannedForEncodings = 0;
			knownRegions = (
				en,
				Base,
			);
			mainGroup = FC50D01422897CC5006E6BC8;
			productRefGroup = FC50D01E22897CC5006E6BC8 /* Products */;
			projectDirPath = "";
			projectRoot = "";
			targets = (
				FC50D01C22897CC5006E6BC8 /* trainbrain */,
			);
		};
/* End PBXProject section */

/* Begin PBXResourcesBuildPhase section */
		FC50D01B22897CC5006E6BC8 /* Resources */ = {
			isa = PBXResourcesBuildPhase;
			buildActionMask = 2147483647;
			files = (
				FC50D02B22897CC7006E6BC8 /* LaunchScreen.storyboard in Resources */,
				FC50D02822897CC7006E6BC8 /* Assets.xcassets in Resources */,
				FC50D02622897CC5006E6BC8 /* Main.storyboard in Resources */,
			);
			runOnlyForDeploymentPostprocessing = 0;
		};
/* End PBXResourcesBuildPhase section */

/* Begin PBXSourcesBuildPhase section */
		FC50D01922897CC5006E6BC8 /* Sources */ = {
			isa = PBXSourcesBuildPhase;
			buildActionMask = 2147483647;
			files = (
				042BDD75229A16B1000BB80E /* Platform.swift in Sources */,
				FC50D02322897CC5006E6BC8 /* ViewController.swift in Sources */,
				042BDD71229A15D3000BB80E /* Station.swift in Sources */,
				04922382229B8FAB00D3CBA6 /* PlatformViewController.swift in Sources */,
				042BDD77229A1776000BB80E /* TrainBrainTheme.swift in Sources */,
				FC50D02122897CC5006E6BC8 /* AppDelegate.swift in Sources */,
				042BDD73229A166A000BB80E /* Exit.swift in Sources */,
				04922389229CDF7C00D3CBA6 /* TrainViewController.swift in Sources */,
				04922384229BA00600D3CBA6 /* ExitViewController.swift in Sources */,
				042BDD79229ABC73000BB80E /* StationSearchField.swift in Sources */,
			);
			runOnlyForDeploymentPostprocessing = 0;
		};
/* End PBXSourcesBuildPhase section */

/* Begin PBXVariantGroup section */
		FC50D02422897CC5006E6BC8 /* Main.storyboard */ = {
			isa = PBXVariantGroup;
			children = (
				FC50D02522897CC5006E6BC8 /* Base */,
			);
			name = Main.storyboard;
			sourceTree = "<group>";
		};
		FC50D02922897CC7006E6BC8 /* LaunchScreen.storyboard */ = {
			isa = PBXVariantGroup;
			children = (
				FC50D02A22897CC7006E6BC8 /* Base */,
			);
			name = LaunchScreen.storyboard;
			sourceTree = "<group>";
		};
/* End PBXVariantGroup section */

/* Begin XCBuildConfiguration section */
		FC50D02D22897CC7006E6BC8 /* Debug */ = {
			isa = XCBuildConfiguration;
			buildSettings = {
				ALWAYS_SEARCH_USER_PATHS = NO;
				CLANG_ANALYZER_NONNULL = YES;
				CLANG_ANALYZER_NUMBER_OBJECT_CONVERSION = YES_AGGRESSIVE;
				CLANG_CXX_LANGUAGE_STANDARD = "gnu++14";
				CLANG_CXX_LIBRARY = "libc++";
				CLANG_ENABLE_MODULES = YES;
				CLANG_ENABLE_OBJC_ARC = YES;
				CLANG_ENABLE_OBJC_WEAK = YES;
				CLANG_WARN_BLOCK_CAPTURE_AUTORELEASING = YES;
				CLANG_WARN_BOOL_CONVERSION = YES;
				CLANG_WARN_COMMA = YES;
				CLANG_WARN_CONSTANT_CONVERSION = YES;
				CLANG_WARN_DEPRECATED_OBJC_IMPLEMENTATIONS = YES;
				CLANG_WARN_DIRECT_OBJC_ISA_USAGE = YES_ERROR;
				CLANG_WARN_DOCUMENTATION_COMMENTS = YES;
				CLANG_WARN_EMPTY_BODY = YES;
				CLANG_WARN_ENUM_CONVERSION = YES;
				CLANG_WARN_INFINITE_RECURSION = YES;
				CLANG_WARN_INT_CONVERSION = YES;
				CLANG_WARN_NON_LITERAL_NULL_CONVERSION = YES;
				CLANG_WARN_OBJC_IMPLICIT_RETAIN_SELF = YES;
				CLANG_WARN_OBJC_LITERAL_CONVERSION = YES;
				CLANG_WARN_OBJC_ROOT_CLASS = YES_ERROR;
				CLANG_WARN_RANGE_LOOP_ANALYSIS = YES;
				CLANG_WARN_STRICT_PROTOTYPES = YES;
				CLANG_WARN_SUSPICIOUS_MOVE = YES;
				CLANG_WARN_UNGUARDED_AVAILABILITY = YES_AGGRESSIVE;
				CLANG_WARN_UNREACHABLE_CODE = YES;
				CLANG_WARN__DUPLICATE_METHOD_MATCH = YES;
				CODE_SIGN_IDENTITY = "iPhone Developer";
				COPY_PHASE_STRIP = NO;
				DEBUG_INFORMATION_FORMAT = dwarf;
				ENABLE_STRICT_OBJC_MSGSEND = YES;
				ENABLE_TESTABILITY = YES;
				GCC_C_LANGUAGE_STANDARD = gnu11;
				GCC_DYNAMIC_NO_PIC = NO;
				GCC_NO_COMMON_BLOCKS = YES;
				GCC_OPTIMIZATION_LEVEL = 0;
				GCC_PREPROCESSOR_DEFINITIONS = (
					"DEBUG=1",
					"$(inherited)",
				);
				GCC_WARN_64_TO_32_BIT_CONVERSION = YES;
				GCC_WARN_ABOUT_RETURN_TYPE = YES_ERROR;
				GCC_WARN_UNDECLARED_SELECTOR = YES;
				GCC_WARN_UNINITIALIZED_AUTOS = YES_AGGRESSIVE;
				GCC_WARN_UNUSED_FUNCTION = YES;
				GCC_WARN_UNUSED_VARIABLE = YES;
				IPHONEOS_DEPLOYMENT_TARGET = 12.2;
				MTL_ENABLE_DEBUG_INFO = INCLUDE_SOURCE;
				MTL_FAST_MATH = YES;
				ONLY_ACTIVE_ARCH = YES;
				SDKROOT = iphoneos;
				SWIFT_ACTIVE_COMPILATION_CONDITIONS = DEBUG;
				SWIFT_OPTIMIZATION_LEVEL = "-Onone";
			};
			name = Debug;
		};
		FC50D02E22897CC7006E6BC8 /* Release */ = {
			isa = XCBuildConfiguration;
			buildSettings = {
				ALWAYS_SEARCH_USER_PATHS = NO;
				CLANG_ANALYZER_NONNULL = YES;
				CLANG_ANALYZER_NUMBER_OBJECT_CONVERSION = YES_AGGRESSIVE;
				CLANG_CXX_LANGUAGE_STANDARD = "gnu++14";
				CLANG_CXX_LIBRARY = "libc++";
				CLANG_ENABLE_MODULES = YES;
				CLANG_ENABLE_OBJC_ARC = YES;
				CLANG_ENABLE_OBJC_WEAK = YES;
				CLANG_WARN_BLOCK_CAPTURE_AUTORELEASING = YES;
				CLANG_WARN_BOOL_CONVERSION = YES;
				CLANG_WARN_COMMA = YES;
				CLANG_WARN_CONSTANT_CONVERSION = YES;
				CLANG_WARN_DEPRECATED_OBJC_IMPLEMENTATIONS = YES;
				CLANG_WARN_DIRECT_OBJC_ISA_USAGE = YES_ERROR;
				CLANG_WARN_DOCUMENTATION_COMMENTS = YES;
				CLANG_WARN_EMPTY_BODY = YES;
				CLANG_WARN_ENUM_CONVERSION = YES;
				CLANG_WARN_INFINITE_RECURSION = YES;
				CLANG_WARN_INT_CONVERSION = YES;
				CLANG_WARN_NON_LITERAL_NULL_CONVERSION = YES;
				CLANG_WARN_OBJC_IMPLICIT_RETAIN_SELF = YES;
				CLANG_WARN_OBJC_LITERAL_CONVERSION = YES;
				CLANG_WARN_OBJC_ROOT_CLASS = YES_ERROR;
				CLANG_WARN_RANGE_LOOP_ANALYSIS = YES;
				CLANG_WARN_STRICT_PROTOTYPES = YES;
				CLANG_WARN_SUSPICIOUS_MOVE = YES;
				CLANG_WARN_UNGUARDED_AVAILABILITY = YES_AGGRESSIVE;
				CLANG_WARN_UNREACHABLE_CODE = YES;
				CLANG_WARN__DUPLICATE_METHOD_MATCH = YES;
				CODE_SIGN_IDENTITY = "iPhone Developer";
				COPY_PHASE_STRIP = NO;
				DEBUG_INFORMATION_FORMAT = "dwarf-with-dsym";
				ENABLE_NS_ASSERTIONS = NO;
				ENABLE_STRICT_OBJC_MSGSEND = YES;
				GCC_C_LANGUAGE_STANDARD = gnu11;
				GCC_NO_COMMON_BLOCKS = YES;
				GCC_WARN_64_TO_32_BIT_CONVERSION = YES;
				GCC_WARN_ABOUT_RETURN_TYPE = YES_ERROR;
				GCC_WARN_UNDECLARED_SELECTOR = YES;
				GCC_WARN_UNINITIALIZED_AUTOS = YES_AGGRESSIVE;
				GCC_WARN_UNUSED_FUNCTION = YES;
				GCC_WARN_UNUSED_VARIABLE = YES;
				IPHONEOS_DEPLOYMENT_TARGET = 12.2;
				MTL_ENABLE_DEBUG_INFO = NO;
				MTL_FAST_MATH = YES;
				SDKROOT = iphoneos;
				SWIFT_COMPILATION_MODE = wholemodule;
				SWIFT_OPTIMIZATION_LEVEL = "-O";
				VALIDATE_PRODUCT = YES;
			};
			name = Release;
		};
		FC50D03022897CC7006E6BC8 /* Debug */ = {
			isa = XCBuildConfiguration;
			buildSettings = {
				ASSETCATALOG_COMPILER_APPICON_NAME = AppIcon;
				CODE_SIGN_STYLE = Automatic;
				DEVELOPMENT_TEAM = NUSDJRCM52;
				INFOPLIST_FILE = trainbrain/Info.plist;
				IPHONEOS_DEPLOYMENT_TARGET = 12.1;
				LD_RUNPATH_SEARCH_PATHS = (
					"$(inherited)",
					"@executable_path/Frameworks",
				);
				PRODUCT_BUNDLE_IDENTIFIER = 142.trainbrain;
				PRODUCT_NAME = "$(TARGET_NAME)";
				SWIFT_VERSION = 4.2;
				TARGETED_DEVICE_FAMILY = 1;
			};
			name = Debug;
		};
		FC50D03122897CC7006E6BC8 /* Release */ = {
			isa = XCBuildConfiguration;
			buildSettings = {
				ASSETCATALOG_COMPILER_APPICON_NAME = AppIcon;
				CODE_SIGN_STYLE = Automatic;
				DEVELOPMENT_TEAM = NUSDJRCM52;
				INFOPLIST_FILE = trainbrain/Info.plist;
				IPHONEOS_DEPLOYMENT_TARGET = 12.1;
				LD_RUNPATH_SEARCH_PATHS = (
					"$(inherited)",
					"@executable_path/Frameworks",
				);
				PRODUCT_BUNDLE_IDENTIFIER = 142.trainbrain;
				PRODUCT_NAME = "$(TARGET_NAME)";
				SWIFT_VERSION = 4.2;
				TARGETED_DEVICE_FAMILY = 1;
			};
			name = Release;
		};
/* End XCBuildConfiguration section */

/* Begin XCConfigurationList section */
		FC50D01822897CC5006E6BC8 /* Build configuration list for PBXProject "trainbrain" */ = {
			isa = XCConfigurationList;
			buildConfigurations = (
				FC50D02D22897CC7006E6BC8 /* Debug */,
				FC50D02E22897CC7006E6BC8 /* Release */,
			);
			defaultConfigurationIsVisible = 0;
			defaultConfigurationName = Release;
		};
		FC50D02F22897CC7006E6BC8 /* Build configuration list for PBXNativeTarget "trainbrain" */ = {
			isa = XCConfigurationList;
			buildConfigurations = (
				FC50D03022897CC7006E6BC8 /* Debug */,
				FC50D03122897CC7006E6BC8 /* Release */,
			);
			defaultConfigurationIsVisible = 0;
			defaultConfigurationName = Release;
		};
/* End XCConfigurationList section */
	};
	rootObject = FC50D01522897CC5006E6BC8 /* Project object */;
}
